
Microsoft Visual Studio Solution File, Format Version 12.00
# Visual Studio Version 17
VisualStudioVersion = 17.6.33829.357
MinimumVisualStudioVersion = 10.0.40219.1
Project("{FAE04EC0-301F-11D3-BF4B-00C04F79EFBC}") = "ProductCRUD", "ProductCRUD\ProductCRUD.csproj", "{14830C7B-4049-4D49-ACE3-D141A1F0EF3A}"
EndProject
Global
	GlobalSection(SolutionConfigurationPlatforms) = preSolution
		Debug|Any CPU = Debug|Any CPU
		Release|Any CPU = Release|Any CPU
	EndGlobalSection
	GlobalSection(ProjectConfigurationPlatforms) = postSolution
		{14830C7B-4049-4D49-ACE3-D141A1F0EF3A}.Debug|Any CPU.ActiveCfg = Debug|Any CPU
		{14830C7B-4049-4D49-ACE3-D141A1F0EF3A}.Debug|Any CPU.Build.0 = Debug|Any CPU
		{14830C7B-4049-4D49-ACE3-D141A1F0EF3A}.Release|Any CPU.ActiveCfg = Release|Any CPU
		{14830C7B-4049-4D49-ACE3-D141A1F0EF3A}.Release|Any CPU.Build.0 = Release|Any CPU
	EndGlobalSection
	GlobalSection(SolutionProperties) = preSolution
		HideSolutionNode = FALSE
	EndGlobalSection
	GlobalSection(ExtensibilityGlobals) = postSolution
		SolutionGuid = {43629D1A-1C99-4F7F-AF28-177580740AD1}
	EndGlobalSection
EndGlobal
